
Microsoft Visual Studio Solution File, Format Version 12.00
# Visual Studio Version 17
VisualStudioVersion = 17.5.33530.505
MinimumVisualStudioVersion = 10.0.40219.1
Project("{8BC9CEB8-8B4A-11D0-8D11-00A0C91BC942}") = "KamataEngineNoviceNew5", "KamataEngineNoviceNew5.vcxproj", "{C6F2CC81-7C9E-4358-91CC-6F24D7351789}"
EndProject
Global
	GlobalSection(SolutionConfigurationPlatforms) = preSolution
		Debug|x64 = Debug|x64
		Release|x64 = Release|x64
	EndGlobalSection
	GlobalSection(ProjectConfigurationPlatforms) = postSolution
		{C6F2CC81-7C9E-4358-91CC-6F24D7351789}.Debug|x64.ActiveCfg = Debug|x64
		{C6F2CC81-7C9E-4358-91CC-6F24D7351789}.Debug|x64.Build.0 = Debug|x64
		{C6F2CC81-7C9E-4358-91CC-6F24D7351789}.Release|x64.ActiveCfg = Release|x64
		{C6F2CC81-7C9E-4358-91CC-6F24D7351789}.Release|x64.Build.0 = Release|x64
	EndGlobalSection
	GlobalSection(SolutionProperties) = preSolution
		HideSolutionNode = FALSE
	EndGlobalSection
	GlobalSection(ExtensibilityGlobals) = postSolution
		SolutionGuid = {DA284C50-D558-459B-903C-23C569C5F5BA}
	EndGlobalSection
EndGlobal
